<?xml version="1.0" encoding="UTF-8"?>
<CONFIG>
  <ProjectOptions>
    <Version Value="12"/>
    <General>
      <Flags>
        <CompatibilityMode Value="True"/>
      </Flags>
      <ResourceType Value="res"/>
      <UseXPManifest Value="True"/>
    </General>
    <i18n>
      <EnableI18N LFM="False"/>
    </i18n>
    <BuildModes Count="1">
      <Item1 Name="default" Default="True"/>
    </BuildModes>
    <PublishOptions>
      <Version Value="2"/>
    </PublishOptions>
    <RunParams>
      <local>
        <LaunchingApplication PathPlusParams="/usr/bin/xterm -T &apos;Lazarus Run Output&apos; -e $(LazarusDir)/tools/runwait.sh $(TargetCmdLine)"/>
      </local>
      <FormatVersion Value="2"/>
      <Modes Count="1">
        <Mode0 Name="default">
          <local>
            <LaunchingApplication PathPlusParams="/usr/bin/xterm -T &apos;Lazarus Run Output&apos; -e $(LazarusDir)/tools/runwait.sh $(TargetCmdLine)"/>
          </local>
        </Mode0>
      </Modes>
    </RunParams>
    <RequiredPackages Count="1">
      <Item1>
        <PackageName Value="LCL"/>
      </Item1>
    </RequiredPackages>
    <Units Count="8">
      <Unit0>
        <Filename Value="project1.lpr"/>
        <IsPartOfProject Value="True"/>
        <EditorIndex Value="1"/>
        <CursorPos Y="15"/>
        <UsageCount Value="52"/>
        <Loaded Value="True"/>
      </Unit0>
      <Unit1>
        <Filename Value="unit1.pas"/>
        <IsPartOfProject Value="True"/>
        <ComponentName Value="Form1"/>
        <HasResources Value="True"/>
        <ResourceBaseClass Value="Form"/>
        <UnitName Value="Unit1"/>
        <IsVisibleTab Value="True"/>
        <TopLine Value="341"/>
        <CursorPos X="8" Y="394"/>
        <UsageCount Value="52"/>
        <Loaded Value="True"/>
        <LoadedDesigner Value="True"/>
      </Unit1>
      <Unit2>
        <Filename Value="unit2.pas"/>
        <IsPartOfProject Value="True"/>
        <ComponentName Value="Form2"/>
        <HasResources Value="True"/>
        <ResourceBaseClass Value="Form"/>
        <UnitName Value="Unit2"/>
        <EditorIndex Value="2"/>
        <CursorPos Y="15"/>
        <UsageCount Value="48"/>
        <Loaded Value="True"/>
        <LoadedDesigner Value="True"/>
      </Unit2>
      <Unit3>
        <Filename Value="/home/corpsman/lazarus/lcl/lcltype.pp"/>
        <UnitName Value="LCLType"/>
        <TopLine Value="64"/>
        <CursorPos X="3" Y="78"/>
        <UsageCount Value="9"/>
      </Unit3>
      <Unit4>
        <Filename Value="/home/corpsman/lazarus/lcl/lclproc.pas"/>
        <UnitName Value="LCLProc"/>
        <TopLine Value="847"/>
        <CursorPos X="40" Y="865"/>
        <UsageCount Value="10"/>
      </Unit4>
      <Unit5>
        <Filename Value="unit3.pas"/>
        <IsPartOfProject Value="True"/>
        <ComponentName Value="Form3"/>
        <HasResources Value="True"/>
        <ResourceBaseClass Value="Form"/>
        <UnitName Value="Unit3"/>
        <EditorIndex Value="3"/>
        <TopLine Value="124"/>
        <CursorPos X="64" Y="152"/>
        <UsageCount Value="30"/>
        <Bookmarks Count="1">
          <Item0 X="7" Y="216" ID="1"/>
        </Bookmarks>
        <Loaded Value="True"/>
        <LoadedDesigner Value="True"/>
      </Unit5>
      <Unit6>
        <Filename Value="/home/corpsman/lazarus/lcl/graphics.pp"/>
        <UnitName Value="Graphics"/>
        <TopLine Value="1108"/>
        <CursorPos X="15" Y="1125"/>
        <UsageCount Value="10"/>
      </Unit6>
      <Unit7>
        <Filename Value="/home/corpsman/lazarus/lcl/include/control.inc"/>
        <TopLine Value="4174"/>
        <CursorPos Y="4188"/>
        <UsageCount Value="10"/>
      </Unit7>
    </Units>
    <JumpHistory Count="30" HistoryIndex="29">
      <Position1>
        <Filename Value="unit1.pas"/>
        <Caret Line="367" Column="3" TopLine="363"/>
      </Position1>
      <Position2>
        <Filename Value="unit3.pas"/>
        <Caret Line="150" Column="116" TopLine="133"/>
      </Position2>
      <Position3>
        <Filename Value="unit3.pas"/>
        <Caret Line="151" Column="116" TopLine="134"/>
      </Position3>
      <Position4>
        <Filename Value="unit3.pas"/>
        <Caret Line="158" Column="116" TopLine="141"/>
      </Position4>
      <Position5>
        <Filename Value="unit3.pas"/>
        <Caret Line="303" Column="116" TopLine="292"/>
      </Position5>
      <Position6>
        <Filename Value="unit3.pas"/>
        <Caret Line="96" Column="28" TopLine="92"/>
      </Position6>
      <Position7>
        <Filename Value="unit1.pas"/>
        <Caret Line="92" Column="25" TopLine="79"/>
      </Position7>
      <Position8>
        <Filename Value="unit3.pas"/>
        <Caret Line="175" Column="14" TopLine="149"/>
      </Position8>
      <Position9>
        <Filename Value="unit3.pas"/>
        <Caret Line="433" Column="20" TopLine="424"/>
      </Position9>
      <Position10>
        <Filename Value="unit1.pas"/>
        <Caret Line="521" Column="45" TopLine="491"/>
      </Position10>
      <Position11>
        <Filename Value="unit1.pas"/>
        <Caret Line="110" Column="31" TopLine="73"/>
      </Position11>
      <Position12>
        <Filename Value="unit1.pas"/>
        <Caret Line="650" Column="28" TopLine="620"/>
      </Position12>
      <Position13>
        <Filename Value="unit1.pas"/>
        <Caret Line="110" Column="40" TopLine="76"/>
      </Position13>
      <Position14>
        <Filename Value="unit1.pas"/>
        <Caret Line="74" Column="60" TopLine="44"/>
      </Position14>
      <Position15>
        <Filename Value="unit1.pas"/>
        <Caret Line="323" Column="29" TopLine="308"/>
      </Position15>
      <Position16>
        <Filename Value="unit1.pas"/>
        <Caret Line="422" TopLine="414"/>
      </Position16>
      <Position17>
        <Filename Value="unit1.pas"/>
        <Caret Line="427" TopLine="414"/>
      </Position17>
      <Position18>
        <Filename Value="unit1.pas"/>
        <Caret Line="428" TopLine="414"/>
      </Position18>
      <Position19>
        <Filename Value="unit1.pas"/>
        <Caret Line="429" TopLine="414"/>
      </Position19>
      <Position20>
        <Filename Value="unit1.pas"/>
        <Caret Line="430" TopLine="414"/>
      </Position20>
      <Position21>
        <Filename Value="unit1.pas"/>
        <Caret Line="431" TopLine="414"/>
      </Position21>
      <Position22>
        <Filename Value="unit1.pas"/>
        <Caret Line="432" TopLine="414"/>
      </Position22>
      <Position23>
        <Filename Value="unit1.pas"/>
        <Caret Line="436" Column="30" TopLine="414"/>
      </Position23>
      <Position24>
        <Filename Value="unit1.pas"/>
        <Caret Line="432" TopLine="414"/>
      </Position24>
      <Position25>
        <Filename Value="unit1.pas"/>
        <Caret Line="431" Column="65" TopLine="414"/>
      </Position25>
      <Position26>
        <Filename Value="unit1.pas"/>
        <Caret Line="2" Column="19"/>
      </Position26>
      <Position27>
        <Filename Value="unit1.pas"/>
        <Caret Line="394" Column="6" TopLine="391"/>
      </Position27>
      <Position28>
        <Filename Value="unit1.pas"/>
        <Caret Line="110" Column="41" TopLine="89"/>
      </Position28>
      <Position29>
        <Filename Value="unit3.pas"/>
        <Caret Line="428" Column="20" TopLine="424"/>
      </Position29>
      <Position30>
        <Filename Value="unit1.pas"/>
        <Caret Line="96" Column="31" TopLine="88"/>
      </Position30>
    </JumpHistory>
  </ProjectOptions>
  <CompilerOptions>
    <Version Value="11"/>
    <Target>
      <Filename Value="project1"/>
    </Target>
    <SearchPaths>
      <IncludeFiles Value="$(ProjOutDir)"/>
      <UnitOutputDirectory Value="lib/$(TargetCPU)-$(TargetOS)"/>
    </SearchPaths>
    <Linking>
      <Options>
        <Win32>
          <GraphicApplication Value="True"/>
        </Win32>
      </Options>
    </Linking>
  </CompilerOptions>
  <Debugging>
    <Watches Count="1">
      <Item1>
        <Expression Value="nstate"/>
      </Item1>
    </Watches>
    <Exceptions Count="3">
      <Item1>
        <Name Value="EAbort"/>
      </Item1>
      <Item2>
        <Name Value="ECodetoolError"/>
      </Item2>
      <Item3>
        <Name Value="EFOpenError"/>
      </Item3>
    </Exceptions>
  </Debugging>
</CONFIG>
