<?xml version="1.0" encoding="UTF-8"?>
<CONFIG>
  <ProjectOptions>
    <Version Value="12"/>
    <General>
      <Flags>
        <CompatibilityMode Value="True"/>
      </Flags>
      <ResourceType Value="res"/>
      <UseXPManifest Value="True"/>
    </General>
    <VersionInfo>
      <Language Value=""/>
      <CharSet Value=""/>
    </VersionInfo>
    <BuildModes Count="1">
      <Item1 Name="default" Default="True"/>
    </BuildModes>
    <PublishOptions>
      <Version Value="2"/>
    </PublishOptions>
    <RunParams>
      <local>
        <LaunchingApplication PathPlusParams="/usr/X11R6/bin/xterm -T &amp;apos;Lazarus Run Output&amp;apos; -e $(LazarusDir)/tools/runwait.sh $(TargetCmdLine)"/>
      </local>
      <FormatVersion Value="2"/>
      <Modes Count="1">
        <Mode0 Name="default">
          <local>
            <LaunchingApplication PathPlusParams="/usr/X11R6/bin/xterm -T &amp;apos;Lazarus Run Output&amp;apos; -e $(LazarusDir)/tools/runwait.sh $(TargetCmdLine)"/>
          </local>
        </Mode0>
      </Modes>
    </RunParams>
    <RequiredPackages Count="2">
      <Item1>
        <PackageName Value="LazOpenGLContext"/>
      </Item1>
      <Item2>
        <PackageName Value="LCL"/>
      </Item2>
    </RequiredPackages>
    <Units Count="19">
      <Unit0>
        <Filename Value="project1.lpr"/>
        <IsPartOfProject Value="True"/>
        <EditorIndex Value="-1"/>
        <CursorPos X="49" Y="24"/>
        <UsageCount Value="56"/>
      </Unit0>
      <Unit1>
        <Filename Value="unit1.pas"/>
        <IsPartOfProject Value="True"/>
        <ComponentName Value="Form1"/>
        <HasResources Value="True"/>
        <ResourceBaseClass Value="Form"/>
        <UnitName Value="Unit1"/>
        <IsVisibleTab Value="True"/>
        <TopLine Value="10"/>
        <CursorPos X="81" Y="10"/>
        <ExtraEditorCount Value="1"/>
        <ExtraEditor1>
          <EditorIndex Value="-1"/>
          <TopLine Value="300"/>
          <CursorPos Y="299"/>
        </ExtraEditor1>
        <UsageCount Value="56"/>
        <Bookmarks Count="1">
          <Item0 Y="280" ID="1"/>
        </Bookmarks>
        <Loaded Value="True"/>
        <LoadedDesigner Value="True"/>
      </Unit1>
      <Unit2>
        <Filename Value="../opengl_graphikengine.pas"/>
        <CursorPos X="6" Y="25"/>
        <UsageCount Value="42"/>
      </Unit2>
      <Unit3>
        <Filename Value="/home/corpsman/lazarus/components/images/lazpng.pas"/>
        <UsageCount Value="41"/>
      </Unit3>
      <Unit4>
        <Filename Value="../../Graphik/ugraphics.pas"/>
        <CursorPos X="3" Y="10"/>
        <UsageCount Value="18"/>
      </Unit4>
      <Unit5>
        <Filename Value="../../DatenSteuerung/uvectormath.ppu"/>
        <UsageCount Value="18"/>
      </Unit5>
      <Unit6>
        <Filename Value="opengl_numberfont.pas"/>
        <TopLine Value="484"/>
        <CursorPos X="3" Y="488"/>
        <UsageCount Value="12"/>
        <Bookmarks Count="1">
          <Item0 X="26" Y="549" ID="1"/>
        </Bookmarks>
      </Unit6>
      <Unit7>
        <Filename Value="../../lazarus/lcl/lcltype.pp"/>
        <TopLine Value="407"/>
        <CursorPos Y="429"/>
        <UsageCount Value="10"/>
      </Unit7>
      <Unit8>
        <Filename Value="u2048.pas"/>
        <IsPartOfProject Value="True"/>
        <EditorIndex Value="-1"/>
        <TopLine Value="345"/>
        <CursorPos X="24" Y="371"/>
        <ExtraEditorCount Value="1"/>
        <ExtraEditor1>
          <EditorIndex Value="-1"/>
          <TopLine Value="49"/>
          <CursorPos Y="15"/>
        </ExtraEditor1>
        <UsageCount Value="31"/>
      </Unit8>
      <Unit9>
        <Filename Value="../../lazarus/lcl/forms.pp"/>
        <TopLine Value="725"/>
        <CursorPos X="14" Y="749"/>
        <UsageCount Value="10"/>
      </Unit9>
      <Unit10>
        <Filename Value="../../lazarus/fpc/2.7.1/source/packages/fcl-base/src/inifiles.pp"/>
        <TopLine Value="112"/>
        <CursorPos X="15" Y="133"/>
        <UsageCount Value="10"/>
      </Unit10>
      <Unit11>
        <Filename Value="../Sample/OpenGL/uopengl_truetype_font.pas"/>
        <IsPartOfProject Value="True"/>
        <EditorIndex Value="-1"/>
        <CursorPos X="12" Y="13"/>
        <UsageCount Value="20"/>
      </Unit11>
      <Unit12>
        <Filename Value="../Sample/OpenGL/dglopengl.pas"/>
        <UsageCount Value="24"/>
      </Unit12>
      <Unit13>
        <Filename Value="../Sample/DatenSteuerung/uvectormath.pas"/>
        <IsPartOfProject Value="True"/>
        <EditorIndex Value="-1"/>
        <CursorPos X="117" Y="11"/>
        <UsageCount Value="24"/>
      </Unit13>
      <Unit14>
        <Filename Value="/home/corpsman/lazarus/lcl/lclintf.pas"/>
        <TopLine Value="137"/>
        <CursorPos X="3" Y="151"/>
        <UsageCount Value="10"/>
      </Unit14>
      <Unit15>
        <Filename Value="/home/corpsman/lazarus/lcl/controls.pp"/>
        <TopLine Value="2019"/>
        <CursorPos X="15" Y="2036"/>
        <UsageCount Value="10"/>
      </Unit15>
      <Unit16>
        <Filename Value="font.ofnt"/>
        <IsPartOfProject Value="True"/>
        <EditorIndex Value="-1"/>
        <WindowIndex Value="-1"/>
        <TopLine Value="-1"/>
        <CursorPos X="-1" Y="-1"/>
        <UsageCount Value="20"/>
      </Unit16>
      <Unit17>
        <Filename Value="uvectormath.inc"/>
        <EditorIndex Value="-1"/>
        <WindowIndex Value="-1"/>
        <TopLine Value="-1"/>
        <CursorPos X="-1" Y="-1"/>
        <UsageCount Value="20"/>
      </Unit17>
      <Unit18>
        <Filename Value="../Sample/OpenGL/uopengl_font_common.pas"/>
        <IsPartOfProject Value="True"/>
        <EditorIndex Value="-1"/>
        <WindowIndex Value="-1"/>
        <TopLine Value="-1"/>
        <CursorPos X="-1" Y="-1"/>
        <UsageCount Value="20"/>
      </Unit18>
    </Units>
    <JumpHistory Count="28" HistoryIndex="27">
      <Position1>
        <Filename Value="unit1.pas"/>
        <Caret Line="63" TopLine="43"/>
      </Position1>
      <Position2>
        <Filename Value="unit1.pas"/>
        <Caret Line="67" Column="9" TopLine="28"/>
      </Position2>
      <Position3>
        <Filename Value="unit1.pas"/>
        <Caret Line="68" Column="22" TopLine="35"/>
      </Position3>
      <Position4>
        <Filename Value="unit1.pas"/>
        <Caret Line="249" Column="25" TopLine="234"/>
      </Position4>
      <Position5>
        <Filename Value="unit1.pas"/>
        <Caret Line="291" Column="55" TopLine="265"/>
      </Position5>
      <Position6>
        <Filename Value="unit1.pas"/>
        <Caret Line="293" Column="78" TopLine="270"/>
      </Position6>
      <Position7>
        <Filename Value="unit1.pas"/>
        <Caret Line="57" Column="53" TopLine="44"/>
      </Position7>
      <Position8>
        <Filename Value="unit1.pas"/>
        <Caret Line="361" Column="10" TopLine="337"/>
      </Position8>
      <Position9>
        <Filename Value="unit1.pas"/>
        <Caret Line="364" Column="35" TopLine="337"/>
      </Position9>
      <Position10>
        <Filename Value="unit1.pas"/>
        <Caret Line="361" Column="5" TopLine="340"/>
      </Position10>
      <Position11>
        <Filename Value="unit1.pas"/>
        <Caret Line="55" Column="30" TopLine="34"/>
      </Position11>
      <Position12>
        <Filename Value="unit1.pas"/>
        <Caret Line="364" Column="11" TopLine="341"/>
      </Position12>
      <Position13>
        <Filename Value="unit1.pas"/>
        <Caret Line="376" Column="28" TopLine="345"/>
      </Position13>
      <Position14>
        <Filename Value="unit1.pas"/>
        <Caret Line="59" Column="90" TopLine="50"/>
      </Position14>
      <Position15>
        <Filename Value="unit1.pas"/>
        <Caret Line="137" Column="3" TopLine="135"/>
      </Position15>
      <Position16>
        <Filename Value="unit1.pas"/>
        <Caret Line="105" Column="29" TopLine="103"/>
      </Position16>
      <Position17>
        <Filename Value="unit1.pas"/>
        <Caret Line="383" Column="31" TopLine="375"/>
      </Position17>
      <Position18>
        <Filename Value="unit1.pas"/>
        <Caret Line="234" Column="45" TopLine="216"/>
      </Position18>
      <Position19>
        <Filename Value="unit1.pas"/>
        <Caret Line="115" Column="42" TopLine="105"/>
      </Position19>
      <Position20>
        <Filename Value="unit1.pas"/>
        <Caret Line="153" Column="12" TopLine="116"/>
      </Position20>
      <Position21>
        <Filename Value="unit1.pas"/>
        <Caret Line="155" Column="12" TopLine="122"/>
      </Position21>
      <Position22>
        <Filename Value="unit1.pas"/>
        <Caret Line="74" Column="3" TopLine="64"/>
      </Position22>
      <Position23>
        <Filename Value="unit1.pas"/>
        <Caret Line="183" Column="20" TopLine="181"/>
      </Position23>
      <Position24>
        <Filename Value="unit1.pas"/>
        <Caret Line="160" TopLine="142"/>
      </Position24>
      <Position25>
        <Filename Value="unit1.pas"/>
        <Caret Line="74" Column="22" TopLine="59"/>
      </Position25>
      <Position26>
        <Filename Value="unit1.pas"/>
        <Caret Line="261" TopLine="250"/>
      </Position26>
      <Position27>
        <Filename Value="unit1.pas"/>
        <Caret Line="185" Column="107" TopLine="160"/>
      </Position27>
      <Position28>
        <Filename Value="unit1.pas"/>
        <Caret Line="10" Column="43"/>
      </Position28>
    </JumpHistory>
  </ProjectOptions>
  <CompilerOptions>
    <Version Value="11"/>
    <Target>
      <Filename Value="2048"/>
    </Target>
    <SearchPaths>
      <IncludeFiles Value="$(ProjOutDir)"/>
      <OtherUnitFiles Value="/sda5/sda5/Tools/Projects/Sample/OpenGL/;/home/corpsman/lazarus/components/images/;../../Graphik;../../DatenSteuerung;../Sample/DatenSteuerung;../Sample/OpenGL"/>
    </SearchPaths>
    <Linking>
      <Options>
        <Win32>
          <GraphicApplication Value="True"/>
        </Win32>
      </Options>
    </Linking>
  </CompilerOptions>
  <Debugging>
    <Watches Count="4">
      <Item1>
        <Expression Value="z"/>
      </Item1>
      <Item2>
        <Expression Value="i"/>
      </Item2>
      <Item3>
        <Expression Value="j"/>
      </Item3>
      <Item4>
        <Expression Value="k"/>
      </Item4>
    </Watches>
    <Exceptions Count="3">
      <Item1>
        <Name Value="EAbort"/>
      </Item1>
      <Item2>
        <Name Value="ECodetoolError"/>
      </Item2>
      <Item3>
        <Name Value="EFOpenError"/>
      </Item3>
    </Exceptions>
  </Debugging>
</CONFIG>
