<?xml version="1.0" encoding="UTF-8"?>
<CONFIG>
  <ProjectOptions>
    <Version Value="12"/>
    <General>
      <Flags>
        <CompatibilityMode Value="True"/>
      </Flags>
      <ResourceType Value="res"/>
      <UseXPManifest Value="True"/>
    </General>
    <VersionInfo>
      <Language Value=""/>
      <CharSet Value=""/>
    </VersionInfo>
    <BuildModes Count="3" Active="Debug">
      <Item1 Name="default" Default="True"/>
      <Item2 Name="Debug">
        <CompilerOptions>
          <Version Value="11"/>
          <SearchPaths>
            <IncludeFiles Value="$(ProjOutDir)"/>
            <OtherUnitFiles Value="/sda5/sda5/Tools/Projects/Sample/OpenGL/;../../use/dglOpenGL"/>
          </SearchPaths>
          <Parsing>
            <SyntaxOptions>
              <IncludeAssertionCode Value="True"/>
              <UseAnsiStrings Value="False"/>
            </SyntaxOptions>
          </Parsing>
          <CodeGeneration>
            <Checks>
              <IOChecks Value="True"/>
              <RangeChecks Value="True"/>
              <OverflowChecks Value="True"/>
              <StackChecks Value="True"/>
            </Checks>
            <VerifyObjMethodCallValidity Value="True"/>
          </CodeGeneration>
          <Linking>
            <Debugging>
              <DebugInfoType Value="dsDwarf3"/>
              <UseHeaptrc Value="True"/>
              <TrashVariables Value="True"/>
              <UseExternalDbgSyms Value="True"/>
            </Debugging>
            <Options>
              <Win32>
                <GraphicApplication Value="True"/>
              </Win32>
            </Options>
          </Linking>
        </CompilerOptions>
      </Item2>
      <Item3 Name="Release">
        <CompilerOptions>
          <Version Value="11"/>
          <SearchPaths>
            <IncludeFiles Value="$(ProjOutDir)"/>
            <OtherUnitFiles Value="/sda5/sda5/Tools/Projects/Sample/OpenGL/;../../use/dglOpenGL"/>
          </SearchPaths>
          <Parsing>
            <SyntaxOptions>
              <UseAnsiStrings Value="False"/>
            </SyntaxOptions>
          </Parsing>
          <CodeGeneration>
            <SmartLinkUnit Value="True"/>
            <Optimizations>
              <OptimizationLevel Value="3"/>
            </Optimizations>
          </CodeGeneration>
          <Linking>
            <Debugging>
              <GenerateDebugInfo Value="False"/>
              <RunWithoutDebug Value="True"/>
            </Debugging>
            <LinkSmart Value="True"/>
            <Options>
              <Win32>
                <GraphicApplication Value="True"/>
              </Win32>
            </Options>
          </Linking>
        </CompilerOptions>
      </Item3>
    </BuildModes>
    <PublishOptions>
      <Version Value="2"/>
    </PublishOptions>
    <RunParams>
      <local>
        <LaunchingApplication PathPlusParams="/usr/X11R6/bin/xterm -T &amp;apos;Lazarus Run Output&amp;apos; -e $(LazarusDir)/tools/runwait.sh $(TargetCmdLine)"/>
      </local>
      <FormatVersion Value="2"/>
      <Modes Count="1">
        <Mode0 Name="default">
          <local>
            <LaunchingApplication PathPlusParams="/usr/X11R6/bin/xterm -T &amp;apos;Lazarus Run Output&amp;apos; -e $(LazarusDir)/tools/runwait.sh $(TargetCmdLine)"/>
          </local>
        </Mode0>
      </Modes>
    </RunParams>
    <RequiredPackages Count="2">
      <Item1>
        <PackageName Value="LazOpenGLContext"/>
      </Item1>
      <Item2>
        <PackageName Value="LCL"/>
      </Item2>
    </RequiredPackages>
    <Units Count="19">
      <Unit0>
        <Filename Value="project1.lpr"/>
        <IsPartOfProject Value="True"/>
        <EditorIndex Value="-1"/>
        <WindowIndex Value="1"/>
        <CursorPos X="56" Y="14"/>
        <UsageCount Value="37"/>
      </Unit0>
      <Unit1>
        <Filename Value="unit1.pas"/>
        <IsPartOfProject Value="True"/>
        <ComponentName Value="Form1"/>
        <HasResources Value="True"/>
        <ResourceBaseClass Value="Form"/>
        <UnitName Value="Unit1"/>
        <EditorIndex Value="-1"/>
        <WindowIndex Value="-1"/>
        <TopLine Value="15"/>
        <CursorPos Y="46"/>
        <ExtraEditorCount Value="1"/>
        <ExtraEditor1>
          <IsVisibleTab Value="True"/>
          <EditorIndex Value="-1"/>
          <WindowIndex Value="1"/>
          <TopLine Value="11"/>
          <CursorPos X="81" Y="11"/>
        </ExtraEditor1>
        <UsageCount Value="37"/>
        <LoadedDesigner Value="True"/>
      </Unit1>
      <Unit2>
        <Filename Value="/usr/lib/lazarus/lcl/customtimer.pas"/>
        <UnitName Value="CustomTimer"/>
        <IsVisibleTab Value="True"/>
        <TopLine Value="167"/>
        <CursorPos Y="182"/>
        <UsageCount Value="9"/>
      </Unit2>
      <Unit3>
        <Filename Value="/usr/lib/lazarus/lcl/controls.pp"/>
        <UnitName Value="Controls"/>
        <IsVisibleTab Value="True"/>
        <TopLine Value="2458"/>
        <CursorPos X="3" Y="2453"/>
        <UsageCount Value="9"/>
      </Unit3>
      <Unit4>
        <Filename Value="../Sample/OpenGL/dglOpenGL.pas"/>
        <IsVisibleTab Value="True"/>
        <UsageCount Value="32"/>
      </Unit4>
      <Unit5>
        <Filename Value="elements.pas"/>
        <IsPartOfProject Value="True"/>
        <EditorIndex Value="-1"/>
        <WindowIndex Value="1"/>
        <CursorPos Y="15"/>
        <UsageCount Value="20"/>
      </Unit5>
      <Unit6>
        <Filename Value="../Sample/OpenGL/OpenGL_Primitives.pas"/>
        <IsVisibleTab Value="True"/>
        <TopLine Value="37"/>
        <CursorPos Y="155"/>
        <UsageCount Value="11"/>
      </Unit6>
      <Unit7>
        <Filename Value="/usr/lib/lazarus/lcl/include/customform.inc"/>
        <IsVisibleTab Value="True"/>
        <TopLine Value="1660"/>
        <CursorPos X="42" Y="1670"/>
        <UsageCount Value="9"/>
      </Unit7>
      <Unit8>
        <Filename Value="/usr/lib/lazarus/lcl/include/control.inc"/>
        <IsVisibleTab Value="True"/>
        <TopLine Value="1203"/>
        <CursorPos Y="1216"/>
        <UsageCount Value="10"/>
      </Unit8>
      <Unit9>
        <Filename Value="unit2.pas"/>
        <IsPartOfProject Value="True"/>
        <ComponentName Value="Form2"/>
        <ResourceBaseClass Value="Form"/>
        <UnitName Value="Unit2"/>
        <EditorIndex Value="-1"/>
        <WindowIndex Value="1"/>
        <CursorPos X="9" Y="5"/>
        <UsageCount Value="26"/>
      </Unit9>
      <Unit10>
        <Filename Value="/usr/share/fpcsrc/2.2.4/rtl/objpas/sysutils/sysstrh.inc"/>
        <IsVisibleTab Value="True"/>
        <TopLine Value="94"/>
        <CursorPos X="21" Y="117"/>
        <UsageCount Value="10"/>
      </Unit10>
      <Unit11>
        <Filename Value="../../../../corpsman/Desktop/Newton_scheiss/newtonSDK_2.0/sdkNewton.tmp.h"/>
        <IsVisibleTab Value="True"/>
        <TopLine Value="123"/>
        <CursorPos X="2" Y="127"/>
        <UsageCount Value="10"/>
        <DefaultSyntaxHighlighter Value="C++"/>
      </Unit11>
      <Unit12>
        <Filename Value="../../../../corpsman/lazarus/lcl/lcltype.pp"/>
        <UnitName Value="LCLType"/>
        <IsVisibleTab Value="True"/>
        <TopLine Value="113"/>
        <UsageCount Value="10"/>
      </Unit12>
      <Unit13>
        <Filename Value="../Sample/DatenSteuerung/uvectormath.pas"/>
        <EditorIndex Value="-1"/>
        <WindowIndex Value="1"/>
        <UsageCount Value="25"/>
      </Unit13>
      <Unit14>
        <Filename Value="../Sample/OpenGL/uopengl_primitives.pas"/>
        <EditorIndex Value="-1"/>
        <WindowIndex Value="1"/>
        <TopLine Value="46"/>
        <CursorPos X="21" Y="5"/>
        <UsageCount Value="20"/>
      </Unit14>
      <Unit15>
        <Filename Value="uvectormath.inc"/>
        <IsPartOfProject Value="True"/>
        <EditorIndex Value="-1"/>
        <WindowIndex Value="1"/>
        <CursorPos Y="15"/>
        <UsageCount Value="21"/>
      </Unit15>
      <Unit16>
        <Filename Value="../../../../corpsman/lazarus/components/lazutils/laztracer.pas"/>
        <UnitName Value="LazTracer"/>
        <EditorIndex Value="-1"/>
        <WindowIndex Value="1"/>
        <TopLine Value="2"/>
        <CursorPos X="69" Y="52"/>
        <UsageCount Value="10"/>
      </Unit16>
      <Unit17>
        <Filename Value="../Sample/DatenSteuerung/uHighscoreEngine.pas"/>
        <EditorIndex Value="-1"/>
        <WindowIndex Value="1"/>
        <UsageCount Value="20"/>
      </Unit17>
      <Unit18>
        <Filename Value="../../use/dglOpenGL/dglOpenGL.pas"/>
        <IsPartOfProject Value="True"/>
        <EditorIndex Value="-1"/>
        <WindowIndex Value="-1"/>
        <TopLine Value="-1"/>
        <CursorPos X="-1" Y="-1"/>
        <UsageCount Value="20"/>
      </Unit18>
    </Units>
    <JumpHistory HistoryIndex="-1"/>
  </ProjectOptions>
  <CompilerOptions>
    <Version Value="11"/>
    <SearchPaths>
      <IncludeFiles Value="$(ProjOutDir)"/>
      <OtherUnitFiles Value="/sda5/sda5/Tools/Projects/Sample/OpenGL/;../../use/dglOpenGL"/>
    </SearchPaths>
    <Parsing>
      <SyntaxOptions>
        <UseAnsiStrings Value="False"/>
      </SyntaxOptions>
    </Parsing>
    <Linking>
      <Options>
        <Win32>
          <GraphicApplication Value="True"/>
        </Win32>
      </Options>
    </Linking>
  </CompilerOptions>
  <Debugging>
    <Watches Count="2">
      <Item1>
        <Expression Value="balls[i].Position"/>
      </Item1>
      <Item2>
        <Expression Value="TExtball(balls[i])"/>
      </Item2>
    </Watches>
    <Exceptions Count="3">
      <Item1>
        <Name Value="EAbort"/>
      </Item1>
      <Item2>
        <Name Value="ECodetoolError"/>
      </Item2>
      <Item3>
        <Name Value="EFOpenError"/>
      </Item3>
    </Exceptions>
  </Debugging>
</CONFIG>
