<?xml version="1.0" encoding="UTF-8"?>
<CONFIG>
  <ProjectOptions>
    <Version Value="12"/>
    <General>
      <Flags>
        <CompatibilityMode Value="True"/>
      </Flags>
      <Title Value="PixelEditor"/>
      <ResourceType Value="res"/>
      <UseXPManifest Value="True"/>
      <ActiveWindowIndexAtStart Value="1"/>
    </General>
    <VersionInfo>
      <Language Value=""/>
      <CharSet Value=""/>
    </VersionInfo>
    <BuildModes Count="1">
      <Item1 Name="default" Default="True"/>
    </BuildModes>
    <PublishOptions>
      <Version Value="2"/>
    </PublishOptions>
    <RunParams>
      <local>
        <LaunchingApplication PathPlusParams="/usr/X11R6/bin/xterm -T &amp;apos;Lazarus Run Output&amp;apos; -e $(LazarusDir)/tools/runwait.sh $(TargetCmdLine)"/>
      </local>
      <FormatVersion Value="2"/>
      <Modes Count="1">
        <Mode0 Name="default">
          <local>
            <LaunchingApplication PathPlusParams="/usr/X11R6/bin/xterm -T &amp;apos;Lazarus Run Output&amp;apos; -e $(LazarusDir)/tools/runwait.sh $(TargetCmdLine)"/>
          </local>
        </Mode0>
      </Modes>
    </RunParams>
    <RequiredPackages Count="3">
      <Item1>
        <PackageName Value="ImagesForLazarus"/>
      </Item1>
      <Item2>
        <PackageName Value="LazOpenGLContext"/>
      </Item2>
      <Item3>
        <PackageName Value="LCL"/>
      </Item3>
    </RequiredPackages>
    <Units Count="21">
      <Unit0>
        <Filename Value="PixelEditor.lpr"/>
        <IsPartOfProject Value="True"/>
        <EditorIndex Value="-1"/>
        <CursorPos Y="15"/>
        <UsageCount Value="54"/>
      </Unit0>
      <Unit1>
        <Filename Value="unit1.pas"/>
        <IsPartOfProject Value="True"/>
        <ComponentName Value="Form1"/>
        <HasResources Value="True"/>
        <ResourceBaseClass Value="Form"/>
        <UnitName Value="Unit1"/>
        <TopLine Value="86"/>
        <CursorPos X="3" Y="88"/>
        <UsageCount Value="54"/>
        <Loaded Value="True"/>
        <LoadedDesigner Value="True"/>
      </Unit1>
      <Unit2>
        <Filename Value="../opengl_graphikengine.pas"/>
        <CursorPos X="6" Y="25"/>
        <UsageCount Value="24"/>
      </Unit2>
      <Unit3>
        <Filename Value="/home/corpsman/lazarus/components/images/lazpng.pas"/>
        <UsageCount Value="19"/>
      </Unit3>
      <Unit4>
        <Filename Value="../../DatenSteuerung/uvectormath.ppu"/>
        <UsageCount Value="19"/>
        <DefaultSyntaxHighlighter Value="None"/>
      </Unit4>
      <Unit5>
        <Filename Value="upixeleditor.pas"/>
        <IsPartOfProject Value="True"/>
        <EditorIndex Value="1"/>
        <TopLine Value="427"/>
        <CursorPos X="3" Y="429"/>
        <UsageCount Value="39"/>
        <Loaded Value="True"/>
      </Unit5>
      <Unit6>
        <Filename Value="../Sample/OpenGL/uopengl_widgetset.pas"/>
        <IsPartOfProject Value="True"/>
        <WindowIndex Value="1"/>
        <TopLine Value="49"/>
        <UsageCount Value="39"/>
        <Loaded Value="True"/>
      </Unit6>
      <Unit7>
        <Filename Value="../Sample/DatenSteuerung/uvectormath.pas"/>
        <IsPartOfProject Value="True"/>
        <EditorIndex Value="-1"/>
        <WindowIndex Value="1"/>
        <TopLine Value="49"/>
        <CursorPos X="77" Y="61"/>
        <UsageCount Value="39"/>
      </Unit7>
      <Unit8>
        <Filename Value="../Sample/OpenGL/uopengl_ascii_font.pas"/>
        <IsPartOfProject Value="True"/>
        <UnitName Value="uOpenGL_ASCII_Font"/>
        <EditorIndex Value="-1"/>
        <TopLine Value="79"/>
        <CursorPos X="28" Y="100"/>
        <UsageCount Value="39"/>
      </Unit8>
      <Unit9>
        <Filename Value="../Sample/OpenGL/uopengl_ascii_font.ressource"/>
        <IsPartOfProject Value="True"/>
        <EditorIndex Value="-1"/>
        <UsageCount Value="39"/>
        <DefaultSyntaxHighlighter Value="None"/>
      </Unit9>
      <Unit10>
        <Filename Value="../Sample/OpenGL/uopengl_font_common.pas"/>
        <IsPartOfProject Value="True"/>
        <EditorIndex Value="-1"/>
        <UsageCount Value="39"/>
      </Unit10>
      <Unit11>
        <Filename Value="../Sample/OpenGL/uopengl_graphikengine.pas"/>
        <IsPartOfProject Value="True"/>
        <EditorIndex Value="-1"/>
        <WindowIndex Value="1"/>
        <UsageCount Value="39"/>
      </Unit11>
      <Unit12>
        <Filename Value="../Sample/OpenGL/uopengl_truetype_font.pas"/>
        <IsPartOfProject Value="True"/>
        <EditorIndex Value="-1"/>
        <UsageCount Value="39"/>
      </Unit12>
      <Unit13>
        <Filename Value="../Sample/DatenSteuerung/ueventer.pas"/>
        <IsPartOfProject Value="True"/>
        <EditorIndex Value="-1"/>
        <WindowIndex Value="1"/>
        <CursorPos X="81" Y="26"/>
        <UsageCount Value="39"/>
      </Unit13>
      <Unit14>
        <Filename Value="ueventer.inc"/>
        <IsPartOfProject Value="True"/>
        <EditorIndex Value="-1"/>
        <CursorPos Y="15"/>
        <UsageCount Value="39"/>
      </Unit14>
      <Unit15>
        <Filename Value="uvectormath.inc"/>
        <EditorIndex Value="-1"/>
        <CursorPos Y="21"/>
        <UsageCount Value="9"/>
      </Unit15>
      <Unit16>
        <Filename Value="../Sample/Graphik/ugraphics.pas"/>
        <IsPartOfProject Value="True"/>
        <EditorIndex Value="-1"/>
        <TopLine Value="248"/>
        <CursorPos X="74" Y="268"/>
        <UsageCount Value="39"/>
      </Unit16>
      <Unit17>
        <Filename Value="../../Lazarus/components/opengl/openglcontext.pas"/>
        <UnitName Value="OpenGLContext"/>
        <EditorIndex Value="-1"/>
        <WindowIndex Value="1"/>
        <TopLine Value="211"/>
        <CursorPos X="66" Y="225"/>
        <UsageCount Value="10"/>
      </Unit17>
      <Unit18>
        <Filename Value="upixeleditor_constructor.inc"/>
        <IsPartOfProject Value="True"/>
        <EditorIndex Value="2"/>
        <WindowIndex Value="1"/>
        <TopLine Value="501"/>
        <CursorPos Y="573"/>
        <ExtraEditorCount Value="1"/>
        <ExtraEditor1>
          <EditorIndex Value="2"/>
          <TopLine Value="472"/>
          <CursorPos Y="494"/>
        </ExtraEditor1>
        <UsageCount Value="37"/>
        <Bookmarks Count="1">
          <Item0 Y="125" ID="1"/>
        </Bookmarks>
        <Loaded Value="True"/>
      </Unit18>
      <Unit19>
        <Filename Value="upixeleditorlcl.pas"/>
        <IsPartOfProject Value="True"/>
        <IsVisibleTab Value="True"/>
        <EditorIndex Value="1"/>
        <WindowIndex Value="1"/>
        <TopLine Value="49"/>
        <CursorPos X="81" Y="103"/>
        <ExtraEditorCount Value="1"/>
        <ExtraEditor1>
          <IsVisibleTab Value="True"/>
          <EditorIndex Value="3"/>
          <TopLine Value="4"/>
        </ExtraEditor1>
        <UsageCount Value="37"/>
        <Loaded Value="True"/>
      </Unit19>
      <Unit20>
        <Filename Value="../../Lazarus/lcl/controls.pp"/>
        <UnitName Value="Controls"/>
        <EditorIndex Value="-1"/>
        <WindowIndex Value="1"/>
        <TopLine Value="202"/>
        <CursorPos X="3" Y="240"/>
        <UsageCount Value="10"/>
      </Unit20>
    </Units>
    <JumpHistory Count="12" HistoryIndex="11">
      <Position1>
        <Filename Value="upixeleditorlcl.pas"/>
        <Caret Line="227" TopLine="188"/>
      </Position1>
      <Position2>
        <Filename Value="upixeleditorlcl.pas"/>
        <Caret Line="224" Column="7" TopLine="188"/>
      </Position2>
      <Position3>
        <Filename Value="upixeleditorlcl.pas"/>
        <Caret Line="207" Column="25" TopLine="176"/>
      </Position3>
      <Position4>
        <Filename Value="unit1.pas"/>
        <Caret Line="59" Column="23" TopLine="34"/>
      </Position4>
      <Position5>
        <Filename Value="upixeleditor_constructor.inc"/>
        <Caret Line="567" Column="19" TopLine="533"/>
      </Position5>
      <Position6>
        <Filename Value="upixeleditor.pas"/>
        <Caret Line="109" Column="11" TopLine="123"/>
      </Position6>
      <Position7>
        <Filename Value="upixeleditor_constructor.inc"/>
        <Caret Line="517" Column="20" TopLine="493"/>
      </Position7>
      <Position8>
        <Filename Value="upixeleditor.pas"/>
        <Caret Line="163" Column="23" TopLine="132"/>
      </Position8>
      <Position9>
        <Filename Value="upixeleditorlcl.pas"/>
        <Caret Line="188" Column="19" TopLine="183"/>
      </Position9>
      <Position10>
        <Filename Value="upixeleditorlcl.pas"/>
        <Caret TopLine="4"/>
      </Position10>
      <Position11>
        <Filename Value="../Sample/OpenGL/uopengl_widgetset.pas"/>
        <Caret TopLine="49"/>
      </Position11>
      <Position12>
        <Filename Value="upixeleditor_constructor.inc"/>
        <Caret Line="321" Column="56" TopLine="296"/>
      </Position12>
    </JumpHistory>
  </ProjectOptions>
  <CompilerOptions>
    <Version Value="11"/>
    <SearchPaths>
      <IncludeFiles Value="$(ProjOutDir)"/>
      <OtherUnitFiles Value="../../Graphik;../../DatenSteuerung;../Sample/OpenGL;../Sample/DatenSteuerung;../Sample/Graphik"/>
    </SearchPaths>
    <Parsing>
      <SyntaxOptions>
        <IncludeAssertionCode Value="True"/>
      </SyntaxOptions>
    </Parsing>
    <CodeGeneration>
      <Checks>
        <IOChecks Value="True"/>
        <RangeChecks Value="True"/>
        <OverflowChecks Value="True"/>
        <StackChecks Value="True"/>
      </Checks>
      <VerifyObjMethodCallValidity Value="True"/>
    </CodeGeneration>
    <Linking>
      <Options>
        <Win32>
          <GraphicApplication Value="True"/>
        </Win32>
      </Options>
    </Linking>
  </CompilerOptions>
  <Debugging>
    <Exceptions Count="3">
      <Item1>
        <Name Value="EAbort"/>
      </Item1>
      <Item2>
        <Name Value="ECodetoolError"/>
      </Item2>
      <Item3>
        <Name Value="EFOpenError"/>
      </Item3>
    </Exceptions>
  </Debugging>
</CONFIG>
