<?xml version="1.0" encoding="UTF-8"?>
<CONFIG>
  <ProjectOptions>
    <Version Value="12"/>
    <General>
      <Flags>
        <CompatibilityMode Value="True"/>
      </Flags>
      <Title Value="PixelEditor"/>
      <ResourceType Value="res"/>
      <UseXPManifest Value="True"/>
    </General>
    <VersionInfo>
      <Language Value=""/>
      <CharSet Value=""/>
    </VersionInfo>
    <BuildModes Count="1">
      <Item1 Name="default" Default="True"/>
    </BuildModes>
    <PublishOptions>
      <Version Value="2"/>
    </PublishOptions>
    <RunParams>
      <local>
        <LaunchingApplication PathPlusParams="/usr/X11R6/bin/xterm -T &amp;apos;Lazarus Run Output&amp;apos; -e $(LazarusDir)/tools/runwait.sh $(TargetCmdLine)"/>
      </local>
      <FormatVersion Value="2"/>
      <Modes Count="1">
        <Mode0 Name="default">
          <local>
            <LaunchingApplication PathPlusParams="/usr/X11R6/bin/xterm -T &amp;apos;Lazarus Run Output&amp;apos; -e $(LazarusDir)/tools/runwait.sh $(TargetCmdLine)"/>
          </local>
        </Mode0>
      </Modes>
    </RunParams>
    <RequiredPackages Count="3">
      <Item1>
        <PackageName Value="ImagesForLazarus"/>
      </Item1>
      <Item2>
        <PackageName Value="LazOpenGLContext"/>
      </Item2>
      <Item3>
        <PackageName Value="LCL"/>
      </Item3>
    </RequiredPackages>
    <Units Count="21">
      <Unit0>
        <Filename Value="PixelEditor.lpr"/>
        <IsPartOfProject Value="True"/>
        <EditorIndex Value="-1"/>
        <CursorPos Y="15"/>
        <UsageCount Value="52"/>
      </Unit0>
      <Unit1>
        <Filename Value="unit1.pas"/>
        <IsPartOfProject Value="True"/>
        <ComponentName Value="Form1"/>
        <HasResources Value="True"/>
        <ResourceBaseClass Value="Form"/>
        <UnitName Value="Unit1"/>
        <TopLine Value="34"/>
        <CursorPos X="36" Y="66"/>
        <UsageCount Value="52"/>
        <Loaded Value="True"/>
        <LoadedDesigner Value="True"/>
      </Unit1>
      <Unit2>
        <Filename Value="../opengl_graphikengine.pas"/>
        <CursorPos X="6" Y="25"/>
        <UsageCount Value="24"/>
      </Unit2>
      <Unit3>
        <Filename Value="/home/corpsman/lazarus/components/images/lazpng.pas"/>
        <UsageCount Value="19"/>
      </Unit3>
      <Unit4>
        <Filename Value="../../DatenSteuerung/uvectormath.ppu"/>
        <UsageCount Value="19"/>
        <DefaultSyntaxHighlighter Value="None"/>
      </Unit4>
      <Unit5>
        <Filename Value="upixeleditor.pas"/>
        <IsPartOfProject Value="True"/>
        <IsVisibleTab Value="True"/>
        <EditorIndex Value="1"/>
        <TopLine Value="192"/>
        <CursorPos X="3" Y="194"/>
        <UsageCount Value="37"/>
        <Loaded Value="True"/>
      </Unit5>
      <Unit6>
        <Filename Value="../Sample/OpenGL/uopengl_widgetset.pas"/>
        <IsPartOfProject Value="True"/>
        <WindowIndex Value="1"/>
        <TopLine Value="83"/>
        <CursorPos X="15" Y="80"/>
        <UsageCount Value="37"/>
        <Loaded Value="True"/>
      </Unit6>
      <Unit7>
        <Filename Value="../Sample/DatenSteuerung/uvectormath.pas"/>
        <IsPartOfProject Value="True"/>
        <EditorIndex Value="-1"/>
        <WindowIndex Value="1"/>
        <TopLine Value="49"/>
        <CursorPos X="77" Y="61"/>
        <UsageCount Value="37"/>
      </Unit7>
      <Unit8>
        <Filename Value="../Sample/OpenGL/uopengl_ascii_font.pas"/>
        <IsPartOfProject Value="True"/>
        <UnitName Value="uOpenGL_ASCII_Font"/>
        <EditorIndex Value="-1"/>
        <TopLine Value="79"/>
        <CursorPos X="28" Y="100"/>
        <UsageCount Value="37"/>
      </Unit8>
      <Unit9>
        <Filename Value="../Sample/OpenGL/uopengl_ascii_font.ressource"/>
        <IsPartOfProject Value="True"/>
        <EditorIndex Value="-1"/>
        <UsageCount Value="37"/>
        <DefaultSyntaxHighlighter Value="None"/>
      </Unit9>
      <Unit10>
        <Filename Value="../Sample/OpenGL/uopengl_font_common.pas"/>
        <IsPartOfProject Value="True"/>
        <EditorIndex Value="-1"/>
        <UsageCount Value="37"/>
      </Unit10>
      <Unit11>
        <Filename Value="../Sample/OpenGL/uopengl_graphikengine.pas"/>
        <IsPartOfProject Value="True"/>
        <EditorIndex Value="2"/>
        <WindowIndex Value="1"/>
        <TopLine Value="96"/>
        <CursorPos X="23" Y="107"/>
        <UsageCount Value="37"/>
        <Loaded Value="True"/>
      </Unit11>
      <Unit12>
        <Filename Value="../Sample/OpenGL/uopengl_truetype_font.pas"/>
        <IsPartOfProject Value="True"/>
        <EditorIndex Value="-1"/>
        <UsageCount Value="37"/>
      </Unit12>
      <Unit13>
        <Filename Value="../Sample/DatenSteuerung/ueventer.pas"/>
        <IsPartOfProject Value="True"/>
        <EditorIndex Value="1"/>
        <WindowIndex Value="1"/>
        <TopLine Value="89"/>
        <CursorPos X="15" Y="110"/>
        <UsageCount Value="37"/>
        <Loaded Value="True"/>
      </Unit13>
      <Unit14>
        <Filename Value="ueventer.inc"/>
        <IsPartOfProject Value="True"/>
        <EditorIndex Value="-1"/>
        <CursorPos Y="15"/>
        <UsageCount Value="37"/>
      </Unit14>
      <Unit15>
        <Filename Value="uvectormath.inc"/>
        <EditorIndex Value="-1"/>
        <CursorPos Y="21"/>
        <UsageCount Value="9"/>
      </Unit15>
      <Unit16>
        <Filename Value="../Sample/Graphik/ugraphics.pas"/>
        <IsPartOfProject Value="True"/>
        <EditorIndex Value="-1"/>
        <UsageCount Value="37"/>
      </Unit16>
      <Unit17>
        <Filename Value="../../Lazarus/components/opengl/openglcontext.pas"/>
        <UnitName Value="OpenGLContext"/>
        <EditorIndex Value="-1"/>
        <WindowIndex Value="1"/>
        <TopLine Value="211"/>
        <CursorPos X="66" Y="225"/>
        <UsageCount Value="10"/>
      </Unit17>
      <Unit18>
        <Filename Value="upixeleditor_constructor.inc"/>
        <IsPartOfProject Value="True"/>
        <EditorIndex Value="2"/>
        <TopLine Value="49"/>
        <CursorPos X="41" Y="85"/>
        <ExtraEditorCount Value="1"/>
        <ExtraEditor1>
          <IsVisibleTab Value="True"/>
          <EditorIndex Value="4"/>
          <WindowIndex Value="1"/>
          <TopLine Value="258"/>
          <CursorPos X="27" Y="275"/>
        </ExtraEditor1>
        <UsageCount Value="35"/>
        <Bookmarks Count="1">
          <Item0 Y="342" ID="1"/>
        </Bookmarks>
        <Loaded Value="True"/>
      </Unit18>
      <Unit19>
        <Filename Value="upixeleditorlcl.pas"/>
        <IsPartOfProject Value="True"/>
        <EditorIndex Value="3"/>
        <WindowIndex Value="1"/>
        <CursorPos X="18" Y="24"/>
        <ExtraEditorCount Value="1"/>
        <ExtraEditor1>
          <EditorIndex Value="3"/>
          <TopLine Value="112"/>
          <CursorPos X="16" Y="140"/>
        </ExtraEditor1>
        <UsageCount Value="35"/>
        <Loaded Value="True"/>
      </Unit19>
      <Unit20>
        <Filename Value="../../Lazarus/lcl/controls.pp"/>
        <UnitName Value="Controls"/>
        <EditorIndex Value="-1"/>
        <WindowIndex Value="1"/>
        <TopLine Value="202"/>
        <CursorPos X="3" Y="240"/>
        <UsageCount Value="10"/>
      </Unit20>
    </Units>
    <JumpHistory Count="30" HistoryIndex="29">
      <Position1>
        <Filename Value="upixeleditor.pas"/>
        <Caret Line="108" Column="33" TopLine="82"/>
      </Position1>
      <Position2>
        <Filename Value="upixeleditor.pas"/>
        <Caret Line="247" Column="3" TopLine="245"/>
      </Position2>
      <Position3>
        <Filename Value="upixeleditor.pas"/>
        <Caret Line="110" Column="34" TopLine="88"/>
      </Position3>
      <Position4>
        <Filename Value="upixeleditor.pas"/>
        <Caret Line="265" Column="3" TopLine="263"/>
      </Position4>
      <Position5>
        <Filename Value="upixeleditor.pas"/>
        <Caret Line="201" Column="48" TopLine="185"/>
      </Position5>
      <Position6>
        <Filename Value="upixeleditor.pas"/>
        <Caret Line="362" TopLine="326"/>
      </Position6>
      <Position7>
        <Filename Value="upixeleditor.pas"/>
        <Caret Line="117" Column="16" TopLine="99"/>
      </Position7>
      <Position8>
        <Filename Value="upixeleditor.pas"/>
        <Caret Line="327" Column="24" TopLine="325"/>
      </Position8>
      <Position9>
        <Filename Value="upixeleditor.pas"/>
        <Caret Line="117" Column="19" TopLine="90"/>
      </Position9>
      <Position10>
        <Filename Value="upixeleditor.pas"/>
        <Caret Line="329" Column="32" TopLine="325"/>
      </Position10>
      <Position11>
        <Filename Value="upixeleditor.pas"/>
        <Caret Line="106" Column="16" TopLine="88"/>
      </Position11>
      <Position12>
        <Filename Value="upixeleditor.pas"/>
        <Caret Line="253" Column="9" TopLine="232"/>
      </Position12>
      <Position13>
        <Filename Value="upixeleditor.pas"/>
        <Caret Line="249" Column="15" TopLine="232"/>
      </Position13>
      <Position14>
        <Filename Value="upixeleditor.pas"/>
        <Caret Line="115" Column="16" TopLine="91"/>
      </Position14>
      <Position15>
        <Filename Value="upixeleditor.pas"/>
        <Caret Line="289" Column="3" TopLine="287"/>
      </Position15>
      <Position16>
        <Filename Value="upixeleditor.pas"/>
        <Caret Line="116" Column="15" TopLine="97"/>
      </Position16>
      <Position17>
        <Filename Value="upixeleditor.pas"/>
        <Caret Line="295" Column="15" TopLine="293"/>
      </Position17>
      <Position18>
        <Filename Value="upixeleditor.pas"/>
        <Caret Line="117" Column="16" TopLine="98"/>
      </Position18>
      <Position19>
        <Filename Value="upixeleditor.pas"/>
        <Caret Line="316" Column="13" TopLine="299"/>
      </Position19>
      <Position20>
        <Filename Value="upixeleditor.pas"/>
        <Caret Line="120" Column="16" TopLine="100"/>
      </Position20>
      <Position21>
        <Filename Value="upixeleditor.pas"/>
        <Caret Line="311" Column="17" TopLine="293"/>
      </Position21>
      <Position22>
        <Filename Value="upixeleditor.pas"/>
        <Caret Line="128" Column="15" TopLine="100"/>
      </Position22>
      <Position23>
        <Filename Value="upixeleditor_constructor.inc"/>
        <Caret Line="373" Column="40" TopLine="353"/>
      </Position23>
      <Position24>
        <Filename Value="upixeleditor.pas"/>
        <Caret Line="138" Column="21" TopLine="116"/>
      </Position24>
      <Position25>
        <Filename Value="upixeleditor.pas"/>
        <Caret Line="396" Column="32" TopLine="391"/>
      </Position25>
      <Position26>
        <Filename Value="upixeleditor.pas"/>
        <Caret Line="133" Column="16" TopLine="115"/>
      </Position26>
      <Position27>
        <Filename Value="upixeleditor.pas"/>
        <Caret Line="403" Column="10" TopLine="397"/>
      </Position27>
      <Position28>
        <Filename Value="upixeleditor.pas"/>
        <Caret Line="134" Column="16" TopLine="112"/>
      </Position28>
      <Position29>
        <Filename Value="upixeleditor.pas"/>
        <Caret Line="359" Column="3" TopLine="357"/>
      </Position29>
      <Position30>
        <Filename Value="upixeleditor.pas"/>
        <Caret Line="104" Column="16" TopLine="79"/>
      </Position30>
    </JumpHistory>
  </ProjectOptions>
  <CompilerOptions>
    <Version Value="11"/>
    <SearchPaths>
      <IncludeFiles Value="$(ProjOutDir)"/>
      <OtherUnitFiles Value="../../Graphik;../../DatenSteuerung;../Sample/OpenGL;../Sample/DatenSteuerung;../Sample/Graphik"/>
    </SearchPaths>
    <Parsing>
      <SyntaxOptions>
        <IncludeAssertionCode Value="True"/>
      </SyntaxOptions>
    </Parsing>
    <CodeGeneration>
      <Checks>
        <IOChecks Value="True"/>
        <RangeChecks Value="True"/>
        <OverflowChecks Value="True"/>
        <StackChecks Value="True"/>
      </Checks>
      <VerifyObjMethodCallValidity Value="True"/>
    </CodeGeneration>
    <Linking>
      <Options>
        <Win32>
          <GraphicApplication Value="True"/>
        </Win32>
      </Options>
    </Linking>
  </CompilerOptions>
  <Debugging>
    <Exceptions Count="3">
      <Item1>
        <Name Value="EAbort"/>
      </Item1>
      <Item2>
        <Name Value="ECodetoolError"/>
      </Item2>
      <Item3>
        <Name Value="EFOpenError"/>
      </Item3>
    </Exceptions>
  </Debugging>
</CONFIG>
