<?xml version="1.0" encoding="UTF-8"?>
<CONFIG>
  <ProjectOptions>
    <Version Value="12"/>
    <General>
      <Flags>
        <CompatibilityMode Value="True"/>
      </Flags>
      <Title Value="PixelEditor"/>
      <ResourceType Value="res"/>
      <UseXPManifest Value="True"/>
    </General>
    <VersionInfo>
      <Language Value=""/>
      <CharSet Value=""/>
    </VersionInfo>
    <BuildModes Count="1">
      <Item1 Name="default" Default="True"/>
    </BuildModes>
    <PublishOptions>
      <Version Value="2"/>
    </PublishOptions>
    <RunParams>
      <local>
        <LaunchingApplication PathPlusParams="/usr/X11R6/bin/xterm -T &amp;apos;Lazarus Run Output&amp;apos; -e $(LazarusDir)/tools/runwait.sh $(TargetCmdLine)"/>
      </local>
      <FormatVersion Value="2"/>
      <Modes Count="1">
        <Mode0 Name="default">
          <local>
            <LaunchingApplication PathPlusParams="/usr/X11R6/bin/xterm -T &amp;apos;Lazarus Run Output&amp;apos; -e $(LazarusDir)/tools/runwait.sh $(TargetCmdLine)"/>
          </local>
        </Mode0>
      </Modes>
    </RunParams>
    <RequiredPackages Count="3">
      <Item1>
        <PackageName Value="ImagesForLazarus"/>
      </Item1>
      <Item2>
        <PackageName Value="LazOpenGLContext"/>
      </Item2>
      <Item3>
        <PackageName Value="LCL"/>
      </Item3>
    </RequiredPackages>
    <Units Count="33">
      <Unit0>
        <Filename Value="PixelEditor.lpr"/>
        <IsPartOfProject Value="True"/>
        <EditorIndex Value="-1"/>
        <CursorPos Y="15"/>
        <UsageCount Value="91"/>
      </Unit0>
      <Unit1>
        <Filename Value="unit1.pas"/>
        <IsPartOfProject Value="True"/>
        <ComponentName Value="Form1"/>
        <HasResources Value="True"/>
        <ResourceBaseClass Value="Form"/>
        <UnitName Value="Unit1"/>
        <TopLine Value="152"/>
        <CursorPos X="13" Y="165"/>
        <UsageCount Value="91"/>
        <Loaded Value="True"/>
        <LoadedDesigner Value="True"/>
      </Unit1>
      <Unit2>
        <Filename Value="../opengl_graphikengine.pas"/>
        <CursorPos X="6" Y="25"/>
        <UsageCount Value="23"/>
      </Unit2>
      <Unit3>
        <Filename Value="/home/corpsman/lazarus/components/images/lazpng.pas"/>
        <UsageCount Value="18"/>
      </Unit3>
      <Unit4>
        <Filename Value="../../DatenSteuerung/uvectormath.ppu"/>
        <UsageCount Value="18"/>
        <DefaultSyntaxHighlighter Value="None"/>
      </Unit4>
      <Unit5>
        <Filename Value="upixeleditor.pas"/>
        <IsPartOfProject Value="True"/>
        <IsVisibleTab Value="True"/>
        <EditorIndex Value="4"/>
        <TopLine Value="607"/>
        <CursorPos X="50" Y="638"/>
        <ExtraEditorCount Value="2"/>
        <ExtraEditor1>
          <EditorIndex Value="-1"/>
          <WindowIndex Value="-1"/>
          <TopLine Value="671"/>
          <CursorPos X="65" Y="689"/>
        </ExtraEditor1>
        <ExtraEditor2>
          <EditorIndex Value="-1"/>
          <WindowIndex Value="-1"/>
          <TopLine Value="630"/>
          <CursorPos X="9" Y="650"/>
        </ExtraEditor2>
        <UsageCount Value="76"/>
        <Bookmarks Count="4">
          <Item0 Y="636" ID="1"/>
          <Item1 Y="459" ID="2"/>
          <Item2 Y="897" ID="4"/>
          <Item3 Y="718" ID="9"/>
        </Bookmarks>
        <Loaded Value="True"/>
      </Unit5>
      <Unit6>
        <Filename Value="../Sample/OpenGL/uopengl_widgetset.pas"/>
        <IsPartOfProject Value="True"/>
        <EditorIndex Value="-1"/>
        <TopLine Value="49"/>
        <CursorPos Y="74"/>
        <UsageCount Value="76"/>
        <Bookmarks Count="1">
          <Item0 Y="286" ID="8"/>
        </Bookmarks>
      </Unit6>
      <Unit7>
        <Filename Value="../Sample/DatenSteuerung/uvectormath.pas"/>
        <IsPartOfProject Value="True"/>
        <EditorIndex Value="-1"/>
        <TopLine Value="941"/>
        <CursorPos Y="976"/>
        <UsageCount Value="76"/>
      </Unit7>
      <Unit8>
        <Filename Value="../Sample/OpenGL/uopengl_ascii_font.pas"/>
        <IsPartOfProject Value="True"/>
        <UnitName Value="uOpenGL_ASCII_Font"/>
        <EditorIndex Value="-1"/>
        <TopLine Value="79"/>
        <CursorPos X="28" Y="100"/>
        <UsageCount Value="76"/>
      </Unit8>
      <Unit9>
        <Filename Value="../Sample/OpenGL/uopengl_ascii_font.ressource"/>
        <IsPartOfProject Value="True"/>
        <EditorIndex Value="-1"/>
        <UsageCount Value="76"/>
        <DefaultSyntaxHighlighter Value="None"/>
      </Unit9>
      <Unit10>
        <Filename Value="../Sample/OpenGL/uopengl_font_common.pas"/>
        <IsPartOfProject Value="True"/>
        <EditorIndex Value="-1"/>
        <TopLine Value="101"/>
        <CursorPos Y="151"/>
        <UsageCount Value="76"/>
      </Unit10>
      <Unit11>
        <Filename Value="../Sample/OpenGL/uopengl_graphikengine.pas"/>
        <IsPartOfProject Value="True"/>
        <EditorIndex Value="-1"/>
        <TopLine Value="113"/>
        <CursorPos X="29" Y="135"/>
        <UsageCount Value="76"/>
      </Unit11>
      <Unit12>
        <Filename Value="../Sample/OpenGL/uopengl_truetype_font.pas"/>
        <IsPartOfProject Value="True"/>
        <EditorIndex Value="-1"/>
        <UsageCount Value="76"/>
      </Unit12>
      <Unit13>
        <Filename Value="../Sample/DatenSteuerung/ueventer.pas"/>
        <IsPartOfProject Value="True"/>
        <EditorIndex Value="1"/>
        <WindowIndex Value="1"/>
        <TopLine Value="94"/>
        <CursorPos Y="110"/>
        <UsageCount Value="76"/>
        <Loaded Value="True"/>
      </Unit13>
      <Unit14>
        <Filename Value="ueventer.inc"/>
        <IsPartOfProject Value="True"/>
        <EditorIndex Value="-1"/>
        <CursorPos Y="15"/>
        <UsageCount Value="76"/>
      </Unit14>
      <Unit15>
        <Filename Value="uvectormath.inc"/>
        <IsPartOfProject Value="True"/>
        <EditorIndex Value="-1"/>
        <CursorPos Y="21"/>
        <UsageCount Value="22"/>
      </Unit15>
      <Unit16>
        <Filename Value="../Sample/Graphik/ugraphics.pas"/>
        <IsPartOfProject Value="True"/>
        <EditorIndex Value="-1"/>
        <TopLine Value="90"/>
        <CursorPos X="21" Y="111"/>
        <UsageCount Value="76"/>
      </Unit16>
      <Unit17>
        <Filename Value="../../Lazarus/components/opengl/openglcontext.pas"/>
        <UnitName Value="OpenGLContext"/>
        <EditorIndex Value="-1"/>
        <TopLine Value="257"/>
        <CursorPos X="14" Y="283"/>
        <UsageCount Value="9"/>
      </Unit17>
      <Unit18>
        <Filename Value="upixeleditor_constructor.inc"/>
        <IsPartOfProject Value="True"/>
        <EditorIndex Value="7"/>
        <TopLine Value="482"/>
        <CursorPos X="44" Y="509"/>
        <ExtraEditorCount Value="1"/>
        <ExtraEditor1>
          <EditorIndex Value="-1"/>
          <TopLine Value="491"/>
          <CursorPos X="21" Y="511"/>
        </ExtraEditor1>
        <UsageCount Value="74"/>
        <Loaded Value="True"/>
      </Unit18>
      <Unit19>
        <Filename Value="upixeleditorlcl.pas"/>
        <IsPartOfProject Value="True"/>
        <IsVisibleTab Value="True"/>
        <WindowIndex Value="1"/>
        <TopLine Value="612"/>
        <CursorPos X="20" Y="614"/>
        <ExtraEditorCount Value="1"/>
        <ExtraEditor1>
          <EditorIndex Value="6"/>
          <TopLine Value="119"/>
        </ExtraEditor1>
        <UsageCount Value="74"/>
        <Loaded Value="True"/>
      </Unit19>
      <Unit20>
        <Filename Value="../../Lazarus/lcl/stdctrls.pp"/>
        <UnitName Value="StdCtrls"/>
        <EditorIndex Value="-1"/>
        <TopLine Value="1560"/>
        <CursorPos X="14" Y="1621"/>
        <UsageCount Value="9"/>
      </Unit20>
      <Unit21>
        <Filename Value="../../Lazarus/lcl/graphics.pp"/>
        <UnitName Value="Graphics"/>
        <EditorIndex Value="-1"/>
        <WindowIndex Value="1"/>
        <TopLine Value="93"/>
        <CursorPos X="27" Y="94"/>
        <UsageCount Value="9"/>
      </Unit21>
      <Unit22>
        <Filename Value="../../Lazarus/fpc/3.2.2/source/rtl/objpas/classes/classesh.inc"/>
        <EditorIndex Value="-1"/>
        <TopLine Value="73"/>
        <CursorPos X="17" Y="91"/>
        <UsageCount Value="9"/>
      </Unit22>
      <Unit23>
        <Filename Value="uimage.pas"/>
        <IsPartOfProject Value="True"/>
        <EditorIndex Value="2"/>
        <WindowIndex Value="1"/>
        <TopLine Value="22"/>
        <CursorPos X="24" Y="53"/>
        <ExtraEditorCount Value="1"/>
        <ExtraEditor1>
          <EditorIndex Value="5"/>
          <TopLine Value="4"/>
        </ExtraEditor1>
        <UsageCount Value="56"/>
        <Loaded Value="True"/>
      </Unit23>
      <Unit24>
        <Filename Value="../../Lazarus/lcl/extctrls.pp"/>
        <UnitName Value="ExtCtrls"/>
        <EditorIndex Value="-1"/>
        <TopLine Value="630"/>
        <CursorPos X="27" Y="668"/>
        <UsageCount Value="9"/>
      </Unit24>
      <Unit25>
        <Filename Value="../Sample/OpenGL/dglopengl.pas"/>
        <UnitName Value="dglOpenGL"/>
        <EditorIndex Value="-1"/>
        <TopLine Value="27606"/>
        <CursorPos Y="27638"/>
        <UsageCount Value="10"/>
      </Unit25>
      <Unit26>
        <Filename Value="unit2.pas"/>
        <IsPartOfProject Value="True"/>
        <ComponentName Value="Form2"/>
        <HasResources Value="True"/>
        <ResourceBaseClass Value="Form"/>
        <UnitName Value="Unit2"/>
        <EditorIndex Value="1"/>
        <CursorPos X="70" Y="37"/>
        <UsageCount Value="37"/>
        <Loaded Value="True"/>
        <LoadedDesigner Value="True"/>
      </Unit26>
      <Unit27>
        <Filename Value="unit3.pas"/>
        <IsPartOfProject Value="True"/>
        <ComponentName Value="Form3"/>
        <HasResources Value="True"/>
        <ResourceBaseClass Value="Form"/>
        <UnitName Value="Unit3"/>
        <EditorIndex Value="2"/>
        <CursorPos X="17" Y="47"/>
        <UsageCount Value="37"/>
        <Loaded Value="True"/>
        <LoadedDesigner Value="True"/>
      </Unit27>
      <Unit28>
        <Filename Value="/home/corpsman/lazarus/lcl/lcltype.pp"/>
        <UnitName Value="LCLType"/>
        <EditorIndex Value="-1"/>
        <TopLine Value="2701"/>
        <CursorPos X="7" Y="2730"/>
        <UsageCount Value="10"/>
      </Unit28>
      <Unit29>
        <Filename Value="unit4.pas"/>
        <IsPartOfProject Value="True"/>
        <ComponentName Value="Form4"/>
        <HasResources Value="True"/>
        <ResourceBaseClass Value="Form"/>
        <UnitName Value="Unit4"/>
        <EditorIndex Value="3"/>
        <CursorPos Y="20"/>
        <UsageCount Value="36"/>
        <Loaded Value="True"/>
        <LoadedDesigner Value="True"/>
      </Unit29>
      <Unit30>
        <Filename Value="../Sample/DatenSteuerung/ufifo.pas"/>
        <IsPartOfProject Value="True"/>
        <EditorIndex Value="-1"/>
        <WindowIndex Value="-1"/>
        <TopLine Value="-1"/>
        <CursorPos X="-1" Y="-1"/>
        <UsageCount Value="22"/>
      </Unit30>
      <Unit31>
        <Filename Value="/home/corpsman/lazarus/lcl/clipbrd.pp"/>
        <UnitName Value="Clipbrd"/>
        <EditorIndex Value="-1"/>
        <TopLine Value="136"/>
        <CursorPos X="20" Y="138"/>
        <UsageCount Value="10"/>
      </Unit31>
      <Unit32>
        <Filename Value="/home/corpsman/lazarus/lcl/lclintf.pas"/>
        <UnitName Value="LCLIntf"/>
        <EditorIndex Value="-1"/>
        <TopLine Value="187"/>
        <CursorPos X="3" Y="189"/>
        <UsageCount Value="10"/>
      </Unit32>
    </Units>
    <JumpHistory Count="30" HistoryIndex="29">
      <Position1>
        <Filename Value="upixeleditor.pas"/>
        <Caret Line="636" TopLine="628"/>
      </Position1>
      <Position2>
        <Filename Value="upixeleditor.pas"/>
        <Caret Line="822" TopLine="800"/>
      </Position2>
      <Position3>
        <Filename Value="upixeleditor.pas"/>
        <Caret Line="823" TopLine="800"/>
      </Position3>
      <Position4>
        <Filename Value="upixeleditor.pas"/>
        <Caret Line="824" TopLine="800"/>
      </Position4>
      <Position5>
        <Filename Value="upixeleditor.pas"/>
        <Caret Line="636" TopLine="614"/>
      </Position5>
      <Position6>
        <Filename Value="upixeleditor.pas"/>
        <Caret Line="822" TopLine="800"/>
      </Position6>
      <Position7>
        <Filename Value="upixeleditor.pas"/>
        <Caret Line="823" TopLine="800"/>
      </Position7>
      <Position8>
        <Filename Value="upixeleditor.pas"/>
        <Caret Line="824" TopLine="800"/>
      </Position8>
      <Position9>
        <Filename Value="upixeleditorlcl.pas"/>
        <Caret Line="95" Column="21" TopLine="74"/>
      </Position9>
      <Position10>
        <Filename Value="upixeleditorlcl.pas"/>
        <Caret Line="85" Column="15" TopLine="74"/>
      </Position10>
      <Position11>
        <Filename Value="upixeleditorlcl.pas"/>
        <Caret Line="392" Column="3" TopLine="390"/>
      </Position11>
      <Position12>
        <Filename Value="upixeleditorlcl.pas"/>
        <Caret Line="72" Column="50" TopLine="38"/>
      </Position12>
      <Position13>
        <Filename Value="upixeleditorlcl.pas"/>
        <Caret Line="318" Column="16" TopLine="311"/>
      </Position13>
      <Position14>
        <Filename Value="upixeleditorlcl.pas"/>
        <Caret Line="100" Column="15" TopLine="73"/>
      </Position14>
      <Position15>
        <Filename Value="upixeleditor.pas"/>
        <Caret Line="824" TopLine="800"/>
      </Position15>
      <Position16>
        <Filename Value="upixeleditorlcl.pas"/>
        <Caret Line="404" TopLine="375"/>
      </Position16>
      <Position17>
        <Filename Value="upixeleditorlcl.pas"/>
        <Caret Line="405" Column="32" TopLine="375"/>
      </Position17>
      <Position18>
        <Filename Value="upixeleditorlcl.pas"/>
        <Caret Line="194" Column="23" TopLine="148"/>
      </Position18>
      <Position19>
        <Filename Value="upixeleditorlcl.pas"/>
        <Caret Line="921" Column="58" TopLine="866"/>
      </Position19>
      <Position20>
        <Filename Value="upixeleditorlcl.pas"/>
        <Caret Line="724" Column="4" TopLine="688"/>
      </Position20>
      <Position21>
        <Filename Value="upixeleditorlcl.pas"/>
        <Caret Line="744" Column="32" TopLine="715"/>
      </Position21>
      <Position22>
        <Filename Value="upixeleditorlcl.pas"/>
        <Caret Line="931" TopLine="884"/>
      </Position22>
      <Position23>
        <Filename Value="upixeleditorlcl.pas"/>
        <Caret Line="603" Column="44" TopLine="591"/>
      </Position23>
      <Position24>
        <Filename Value="upixeleditorlcl.pas"/>
        <Caret Line="752" Column="15" TopLine="727"/>
      </Position24>
      <Position25>
        <Filename Value="upixeleditorlcl.pas"/>
        <Caret Line="804" Column="4" TopLine="779"/>
      </Position25>
      <Position26>
        <Filename Value="upixeleditorlcl.pas"/>
        <Caret Line="928" Column="27" TopLine="883"/>
      </Position26>
      <Position27>
        <Filename Value="upixeleditorlcl.pas"/>
        <Caret Line="925" Column="24" TopLine="883"/>
      </Position27>
      <Position28>
        <Filename Value="upixeleditorlcl.pas"/>
        <Caret Line="195" Column="52" TopLine="172"/>
      </Position28>
      <Position29>
        <Filename Value="upixeleditorlcl.pas"/>
        <Caret Line="614" Column="20" TopLine="612"/>
      </Position29>
      <Position30>
        <Filename Value="upixeleditor.pas"/>
        <Caret Line="654" TopLine="632"/>
      </Position30>
    </JumpHistory>
  </ProjectOptions>
  <CompilerOptions>
    <Version Value="11"/>
    <SearchPaths>
      <IncludeFiles Value="$(ProjOutDir)"/>
      <OtherUnitFiles Value="../../Graphik;../../DatenSteuerung;../Sample/OpenGL;../Sample/DatenSteuerung;../Sample/Graphik"/>
    </SearchPaths>
    <Parsing>
      <SyntaxOptions>
        <IncludeAssertionCode Value="True"/>
      </SyntaxOptions>
    </Parsing>
    <CodeGeneration>
      <Checks>
        <IOChecks Value="True"/>
        <RangeChecks Value="True"/>
        <OverflowChecks Value="True"/>
        <StackChecks Value="True"/>
      </Checks>
      <VerifyObjMethodCallValidity Value="True"/>
    </CodeGeneration>
    <Linking>
      <Debugging>
        <UseHeaptrc Value="True"/>
      </Debugging>
      <Options>
        <Win32>
          <GraphicApplication Value="True"/>
        </Win32>
      </Options>
    </Linking>
  </CompilerOptions>
  <Debugging>
    <Exceptions Count="3">
      <Item1>
        <Name Value="EAbort"/>
      </Item1>
      <Item2>
        <Name Value="ECodetoolError"/>
      </Item2>
      <Item3>
        <Name Value="EFOpenError"/>
      </Item3>
    </Exceptions>
  </Debugging>
</CONFIG>
