<?xml version="1.0" encoding="UTF-8"?>
<CONFIG>
  <ProjectOptions>
    <Version Value="12"/>
    <General>
      <Flags>
        <CompatibilityMode Value="True"/>
      </Flags>
      <Title Value="pentago"/>
      <ResourceType Value="res"/>
      <UseXPManifest Value="True"/>
    </General>
    <VersionInfo>
      <Language Value=""/>
      <CharSet Value=""/>
    </VersionInfo>
    <BuildModes Count="1">
      <Item1 Name="default" Default="True"/>
    </BuildModes>
    <PublishOptions>
      <Version Value="2"/>
    </PublishOptions>
    <RunParams>
      <local>
        <LaunchingApplication PathPlusParams="/usr/X11R6/bin/xterm -T &amp;apos;Lazarus Run Output&amp;apos; -e $(LazarusDir)/tools/runwait.sh $(TargetCmdLine)"/>
      </local>
      <FormatVersion Value="2"/>
      <Modes Count="1">
        <Mode0 Name="default">
          <local>
            <LaunchingApplication PathPlusParams="/usr/X11R6/bin/xterm -T &amp;apos;Lazarus Run Output&amp;apos; -e $(LazarusDir)/tools/runwait.sh $(TargetCmdLine)"/>
          </local>
        </Mode0>
      </Modes>
    </RunParams>
    <RequiredPackages Count="2">
      <Item1>
        <PackageName Value="LazOpenGLContext"/>
      </Item1>
      <Item2>
        <PackageName Value="LCL"/>
      </Item2>
    </RequiredPackages>
    <Units Count="17">
      <Unit0>
        <Filename Value="pentago.lpr"/>
        <IsPartOfProject Value="True"/>
        <EditorIndex Value="-1"/>
        <CursorPos Y="15"/>
        <UsageCount Value="46"/>
      </Unit0>
      <Unit1>
        <Filename Value="unit1.pas"/>
        <IsPartOfProject Value="True"/>
        <ComponentName Value="Form1"/>
        <HasResources Value="True"/>
        <ResourceBaseClass Value="Form"/>
        <UnitName Value="Unit1"/>
        <CursorPos Y="16"/>
        <UsageCount Value="46"/>
        <Loaded Value="True"/>
        <LoadedDesigner Value="True"/>
      </Unit1>
      <Unit2>
        <Filename Value="../opengl_graphikengine.pas"/>
        <CursorPos X="6" Y="25"/>
        <UsageCount Value="36"/>
      </Unit2>
      <Unit3>
        <Filename Value="/home/corpsman/lazarus/components/images/lazpng.pas"/>
        <UsageCount Value="31"/>
      </Unit3>
      <Unit4>
        <Filename Value="../../DatenSteuerung/uvectormath.ppu"/>
        <UsageCount Value="20"/>
      </Unit4>
      <Unit5>
        <Filename Value="../Sample/OpenGL/uopengl_ascii_font.pas"/>
        <IsPartOfProject Value="True"/>
        <UnitName Value="uOpenGL_ASCII_Font"/>
        <EditorIndex Value="-1"/>
        <TopLine Value="40"/>
        <CursorPos Y="57"/>
        <UsageCount Value="20"/>
      </Unit5>
      <Unit6>
        <Filename Value="upentogo.pas"/>
        <IsPartOfProject Value="True"/>
        <IsVisibleTab Value="True"/>
        <EditorIndex Value="1"/>
        <TopLine Value="684"/>
        <CursorPos X="2" Y="753"/>
        <UsageCount Value="30"/>
        <Bookmarks Count="1">
          <Item0 Y="633" ID="1"/>
        </Bookmarks>
        <Loaded Value="True"/>
      </Unit6>
      <Unit7>
        <Filename Value="/usr/share/fpcsrc/2.4.4/rtl/objpas/classes/classesh.inc"/>
        <TopLine Value="93"/>
        <CursorPos X="3" Y="110"/>
        <UsageCount Value="10"/>
      </Unit7>
      <Unit8>
        <Filename Value="pentago.ressource"/>
        <IsPartOfProject Value="True"/>
        <EditorIndex Value="-1"/>
        <UsageCount Value="20"/>
      </Unit8>
      <Unit9>
        <Filename Value="../../lazarus/lcl/controls.pp"/>
        <UnitName Value="Controls"/>
        <TopLine Value="150"/>
        <CursorPos X="3" Y="175"/>
        <UsageCount Value="12"/>
      </Unit9>
      <Unit10>
        <Filename Value="../Sample/Graphik/ugraphics.pas"/>
        <IsPartOfProject Value="True"/>
        <EditorIndex Value="-1"/>
        <UsageCount Value="20"/>
      </Unit10>
      <Unit11>
        <Filename Value="uvectormath.inc"/>
        <EditorIndex Value="-1"/>
        <CursorPos X="43" Y="7"/>
        <UsageCount Value="20"/>
      </Unit11>
      <Unit12>
        <Filename Value="../Sample/DatenSteuerung/ufifo.pas"/>
        <IsPartOfProject Value="True"/>
        <EditorIndex Value="-1"/>
        <UsageCount Value="20"/>
      </Unit12>
      <Unit13>
        <Filename Value="../Sample/OpenGL/dglopengl.pas"/>
        <UnitName Value="dglOpenGL"/>
        <EditorIndex Value="-1"/>
        <UsageCount Value="10"/>
      </Unit13>
      <Unit14>
        <Filename Value="../Sample/OpenGL/uopengl_ascii_font.ressource"/>
        <IsPartOfProject Value="True"/>
        <EditorIndex Value="-1"/>
        <UsageCount Value="20"/>
      </Unit14>
      <Unit15>
        <Filename Value="../Sample/DatenSteuerung/uvectormath.pas"/>
        <IsPartOfProject Value="True"/>
        <UsageCount Value="20"/>
      </Unit15>
      <Unit16>
        <Filename Value="../Sample/OpenGL/uopengl_font_common.pas"/>
        <IsPartOfProject Value="True"/>
        <EditorIndex Value="-1"/>
        <WindowIndex Value="-1"/>
        <TopLine Value="-1"/>
        <CursorPos X="-1" Y="-1"/>
        <UsageCount Value="20"/>
      </Unit16>
    </Units>
    <JumpHistory Count="10" HistoryIndex="9">
      <Position1>
        <Filename Value="unit1.pas"/>
        <Caret Line="107" Column="43" TopLine="82"/>
      </Position1>
      <Position2>
        <Filename Value="unit1.pas"/>
        <Caret Line="80" Column="29" TopLine="78"/>
      </Position2>
      <Position3>
        <Filename Value="unit1.pas"/>
        <Caret Line="166" Column="42" TopLine="154"/>
      </Position3>
      <Position4>
        <Filename Value="unit1.pas"/>
        <Caret Line="98" Column="79" TopLine="67"/>
      </Position4>
      <Position5>
        <Filename Value="unit1.pas"/>
        <Caret Line="15" Column="5"/>
      </Position5>
      <Position6>
        <Filename Value="unit1.pas"/>
        <Caret Line="28" Column="45"/>
      </Position6>
      <Position7>
        <Filename Value="unit1.pas"/>
        <Caret Line="32" Column="88"/>
      </Position7>
      <Position8>
        <Filename Value="unit1.pas"/>
        <Caret Line="190" Column="35" TopLine="160"/>
      </Position8>
      <Position9>
        <Filename Value="unit1.pas"/>
        <Caret Line="16"/>
      </Position9>
      <Position10>
        <Filename Value="upentogo.pas"/>
        <Caret Line="753" Column="2" TopLine="698"/>
      </Position10>
    </JumpHistory>
  </ProjectOptions>
  <CompilerOptions>
    <Version Value="11"/>
    <SearchPaths>
      <IncludeFiles Value="$(ProjOutDir)"/>
      <OtherUnitFiles Value="../Sample/DatenSteuerung;../Sample/Graphik;../Sample/OpenGL"/>
    </SearchPaths>
    <Linking>
      <Options>
        <Win32>
          <GraphicApplication Value="True"/>
        </Win32>
      </Options>
    </Linking>
  </CompilerOptions>
  <Debugging>
    <Exceptions Count="3">
      <Item1>
        <Name Value="EAbort"/>
      </Item1>
      <Item2>
        <Name Value="ECodetoolError"/>
      </Item2>
      <Item3>
        <Name Value="EFOpenError"/>
      </Item3>
    </Exceptions>
  </Debugging>
</CONFIG>
